
Microsoft Visual Studio Solution File, Format Version 12.00
# Visual Studio Version 17
VisualStudioVersion = 17.7.34018.315
MinimumVisualStudioVersion = 10.0.40219.1
Project("{9A19103F-16F7-4668-BE54-9A1E7A4F7556}") = "JKToolKit.Spectre.AutoCompletion", "JKToolKit.Spectre.AutoCompletion\JKToolKit.Spectre.AutoCompletion.csproj", "{E2B1F639-5C49-4DFE-9588-D93AD870CEC3}"
EndProject
Project("{9A19103F-16F7-4668-BE54-9A1E7A4F7556}") = "JKToolKit.Spectre.AutoCompletion.Tests", "JKToolKit.Spectre.AutoCompletion.Tests\JKToolKit.Spectre.AutoCompletion.Tests.csproj", "{7247C667-D81E-469E-B604-FB6B5E63176E}"
EndProject
Project("{2150E333-8FDC-42A3-9474-1A3956D46DE8}") = "samples", "samples", "{4616EC6D-9369-4BFF-B093-75EEE910E511}"
EndProject
Project("{9A19103F-16F7-4668-BE54-9A1E7A4F7556}") = "AutoCompletionExample", "samples\AutoCompletionExample\AutoCompletionExample.csproj", "{07E59976-7F06-444C-9623-8EF3E923F96E}"
EndProject
Global
	GlobalSection(SolutionConfigurationPlatforms) = preSolution
		Debug|Any CPU = Debug|Any CPU
		Release|Any CPU = Release|Any CPU
	EndGlobalSection
	GlobalSection(ProjectConfigurationPlatforms) = postSolution
		{E2B1F639-5C49-4DFE-9588-D93AD870CEC3}.Debug|Any CPU.ActiveCfg = Debug|Any CPU
		{E2B1F639-5C49-4DFE-9588-D93AD870CEC3}.Debug|Any CPU.Build.0 = Debug|Any CPU
		{E2B1F639-5C49-4DFE-9588-D93AD870CEC3}.Release|Any CPU.ActiveCfg = Release|Any CPU
		{E2B1F639-5C49-4DFE-9588-D93AD870CEC3}.Release|Any CPU.Build.0 = Release|Any CPU
		{7247C667-D81E-469E-B604-FB6B5E63176E}.Debug|Any CPU.ActiveCfg = Debug|Any CPU
		{7247C667-D81E-469E-B604-FB6B5E63176E}.Debug|Any CPU.Build.0 = Debug|Any CPU
		{7247C667-D81E-469E-B604-FB6B5E63176E}.Release|Any CPU.ActiveCfg = Release|Any CPU
		{7247C667-D81E-469E-B604-FB6B5E63176E}.Release|Any CPU.Build.0 = Release|Any CPU
		{07E59976-7F06-444C-9623-8EF3E923F96E}.Debug|Any CPU.ActiveCfg = Debug|Any CPU
		{07E59976-7F06-444C-9623-8EF3E923F96E}.Debug|Any CPU.Build.0 = Debug|Any CPU
		{07E59976-7F06-444C-9623-8EF3E923F96E}.Release|Any CPU.ActiveCfg = Release|Any CPU
		{07E59976-7F06-444C-9623-8EF3E923F96E}.Release|Any CPU.Build.0 = Release|Any CPU
	EndGlobalSection
	GlobalSection(SolutionProperties) = preSolution
		HideSolutionNode = FALSE
	EndGlobalSection
	GlobalSection(NestedProjects) = preSolution
		{07E59976-7F06-444C-9623-8EF3E923F96E} = {4616EC6D-9369-4BFF-B093-75EEE910E511}
	EndGlobalSection
	GlobalSection(ExtensibilityGlobals) = postSolution
		SolutionGuid = {3B38A678-4D09-4DAF-9CAB-73F47886CF41}
	EndGlobalSection
EndGlobal
